
Microsoft Visual Studio Solution File, Format Version 11.00
# Visual Studio 2010
Project("{FAE04EC0-301F-11D3-BF4B-00C04F79EFBC}") = "KinectRecorder", "KinectRecorder\KinectRecorder.csproj", "{51D1BC5D-EB68-4C15-8505-3C61876E1CB5}"
EndProject
Project("{FAE04EC0-301F-11D3-BF4B-00C04F79EFBC}") = "KinectLib", "KinectLib\KinectLib.csproj", "{FE311E46-917B-4F55-A4AC-FE9EDBBD99E1}"
EndProject
Project("{FAE04EC0-301F-11D3-BF4B-00C04F79EFBC}") = "KinectProjection", "KinectProjection\KinectProjection.csproj", "{ED27D097-5961-450B-AC49-85D9154F795C}"
EndProject
Global
	GlobalSection(SolutionConfigurationPlatforms) = preSolution
		Debug|Any CPU = Debug|Any CPU
		Debug|Mixed Platforms = Debug|Mixed Platforms
		Debug|x86 = Debug|x86
		Release|Any CPU = Release|Any CPU
		Release|Mixed Platforms = Release|Mixed Platforms
		Release|x86 = Release|x86
	EndGlobalSection
	GlobalSection(ProjectConfigurationPlatforms) = postSolution
		{51D1BC5D-EB68-4C15-8505-3C61876E1CB5}.Debug|Any CPU.ActiveCfg = Debug|x86
		{51D1BC5D-EB68-4C15-8505-3C61876E1CB5}.Debug|Mixed Platforms.ActiveCfg = Debug|x86
		{51D1BC5D-EB68-4C15-8505-3C61876E1CB5}.Debug|Mixed Platforms.Build.0 = Debug|x86
		{51D1BC5D-EB68-4C15-8505-3C61876E1CB5}.Debug|x86.ActiveCfg = Debug|x86
		{51D1BC5D-EB68-4C15-8505-3C61876E1CB5}.Debug|x86.Build.0 = Debug|x86
		{51D1BC5D-EB68-4C15-8505-3C61876E1CB5}.Release|Any CPU.ActiveCfg = Release|x86
		{51D1BC5D-EB68-4C15-8505-3C61876E1CB5}.Release|Mixed Platforms.ActiveCfg = Release|x86
		{51D1BC5D-EB68-4C15-8505-3C61876E1CB5}.Release|Mixed Platforms.Build.0 = Release|x86
		{51D1BC5D-EB68-4C15-8505-3C61876E1CB5}.Release|x86.ActiveCfg = Release|x86
		{51D1BC5D-EB68-4C15-8505-3C61876E1CB5}.Release|x86.Build.0 = Release|x86
		{FE311E46-917B-4F55-A4AC-FE9EDBBD99E1}.Debug|Any CPU.ActiveCfg = Debug|Any CPU
		{FE311E46-917B-4F55-A4AC-FE9EDBBD99E1}.Debug|Any CPU.Build.0 = Debug|Any CPU
		{FE311E46-917B-4F55-A4AC-FE9EDBBD99E1}.Debug|Mixed Platforms.ActiveCfg = Debug|Any CPU
		{FE311E46-917B-4F55-A4AC-FE9EDBBD99E1}.Debug|Mixed Platforms.Build.0 = Debug|Any CPU
		{FE311E46-917B-4F55-A4AC-FE9EDBBD99E1}.Debug|x86.ActiveCfg = Debug|Any CPU
		{FE311E46-917B-4F55-A4AC-FE9EDBBD99E1}.Release|Any CPU.ActiveCfg = Release|Any CPU
		{FE311E46-917B-4F55-A4AC-FE9EDBBD99E1}.Release|Any CPU.Build.0 = Release|Any CPU
		{FE311E46-917B-4F55-A4AC-FE9EDBBD99E1}.Release|Mixed Platforms.ActiveCfg = Release|Any CPU
		{FE311E46-917B-4F55-A4AC-FE9EDBBD99E1}.Release|Mixed Platforms.Build.0 = Release|Any CPU
		{FE311E46-917B-4F55-A4AC-FE9EDBBD99E1}.Release|x86.ActiveCfg = Release|Any CPU
		{ED27D097-5961-450B-AC49-85D9154F795C}.Debug|Any CPU.ActiveCfg = Debug|x86
		{ED27D097-5961-450B-AC49-85D9154F795C}.Debug|Mixed Platforms.ActiveCfg = Debug|x86
		{ED27D097-5961-450B-AC49-85D9154F795C}.Debug|Mixed Platforms.Build.0 = Debug|x86
		{ED27D097-5961-450B-AC49-85D9154F795C}.Debug|x86.ActiveCfg = Debug|x86
		{ED27D097-5961-450B-AC49-85D9154F795C}.Debug|x86.Build.0 = Debug|x86
		{ED27D097-5961-450B-AC49-85D9154F795C}.Release|Any CPU.ActiveCfg = Release|x86
		{ED27D097-5961-450B-AC49-85D9154F795C}.Release|Mixed Platforms.ActiveCfg = Release|x86
		{ED27D097-5961-450B-AC49-85D9154F795C}.Release|Mixed Platforms.Build.0 = Release|x86
		{ED27D097-5961-450B-AC49-85D9154F795C}.Release|x86.ActiveCfg = Release|x86
		{ED27D097-5961-450B-AC49-85D9154F795C}.Release|x86.Build.0 = Release|x86
	EndGlobalSection
	GlobalSection(SolutionProperties) = preSolution
		HideSolutionNode = FALSE
	EndGlobalSection
EndGlobal
